
Microsoft Visual Studio Solution File, Format Version 11.00
# Visual Studio 2010
Project("{CC5FD16D-436D-48AD-A40C-5A424C6E3E79}") = "CompositeC1Azure", "CompositeC1Azure\CompositeC1Azure.ccproj", "{6E1DE944-749E-4E52-BB4F-7ABB4FE6D81C}"
EndProject
Project("{FAE04EC0-301F-11D3-BF4B-00C04F79EFBC}") = "WebRole", "WebRole\WebRole.csproj", "{AD8D2368-DD00-4615-B9B7-45C666DF316A}"
EndProject
Global
	GlobalSection(SolutionConfigurationPlatforms) = preSolution
		Debug|Any CPU = Debug|Any CPU
		Release|Any CPU = Release|Any CPU
	EndGlobalSection
	GlobalSection(ProjectConfigurationPlatforms) = postSolution
		{6E1DE944-749E-4E52-BB4F-7ABB4FE6D81C}.Debug|Any CPU.ActiveCfg = Debug|Any CPU
		{6E1DE944-749E-4E52-BB4F-7ABB4FE6D81C}.Debug|Any CPU.Build.0 = Debug|Any CPU
		{6E1DE944-749E-4E52-BB4F-7ABB4FE6D81C}.Release|Any CPU.ActiveCfg = Release|Any CPU
		{6E1DE944-749E-4E52-BB4F-7ABB4FE6D81C}.Release|Any CPU.Build.0 = Release|Any CPU
		{AD8D2368-DD00-4615-B9B7-45C666DF316A}.Debug|Any CPU.ActiveCfg = Debug|Any CPU
		{AD8D2368-DD00-4615-B9B7-45C666DF316A}.Debug|Any CPU.Build.0 = Debug|Any CPU
		{AD8D2368-DD00-4615-B9B7-45C666DF316A}.Release|Any CPU.ActiveCfg = Release|Any CPU
		{AD8D2368-DD00-4615-B9B7-45C666DF316A}.Release|Any CPU.Build.0 = Release|Any CPU
	EndGlobalSection
	GlobalSection(SolutionProperties) = preSolution
		HideSolutionNode = FALSE
	EndGlobalSection
EndGlobal
